# This file was autogenerated by Stack.
# You should not edit this file by hand.
# For more information, please see the documentation at:
#   https://docs.haskellstack.org/en/stable/lock_files

packages:
- completed:
    hackage: data-sword-0.2.0.3@sha256:953cca4b4533a388df0ef17e06ac5530652d1d73decfe8b656242ccdf4b40999,1568
    pantry-tree:
      sha256: 60a104a3d3cbba2e099a9e7ce561322b2884f5323cf74fd876dfb59f265d803c
      size: 439
  original:
    hackage: data-sword-0.2.0.3
- completed:
    hackage: daytripper-0.2.0@sha256:07e4636faf9c30782e86f942e342f46f80f7cb8e913639f24218968b7601a043,2971
    pantry-tree:
      sha256: 92130fd90f26bf9476f76fb5777e6eda8e136c3abd9b271639ee2cc12710e5ff
      size: 225
  original:
    hackage: daytripper-0.2.0
- completed:
    commit: 51fc95d907ffe008f27a8c450dbf41854668e07d
    git: git@github.com:well-typed/falsify.git
    name: falsify
    pantry-tree:
      sha256: f1451c36b81fd6bb6d47306849b0bf55aa4f9ac3ad11b5bfd013ae928e332582
      size: 3378
    subdir: lib
    version: 0.1.1
  original:
    commit: 51fc95d907ffe008f27a8c450dbf41854668e07d
    git: git@github.com:well-typed/falsify.git
    subdir: lib
snapshots:
- completed:
    sha256: 2e7d4a730d8eb5373b2d383fac84efcf7c81e3b7a5fce71b4c2e19a1768f25a6
    size: 640239
    url: https://raw.githubusercontent.com/commercialhaskell/stackage-snapshots/master/lts/21/6.yaml
  original: lts-21.6
