# This file was autogenerated by Stack.
# You should not edit this file by hand.
# For more information, please see the documentation at:
#   https://docs.haskellstack.org/en/stable/lock_files

packages:
- completed:
    hackage: data-sword-0.2.0.3@sha256:953cca4b4533a388df0ef17e06ac5530652d1d73decfe8b656242ccdf4b40999,1568
    pantry-tree:
      sha256: 60a104a3d3cbba2e099a9e7ce561322b2884f5323cf74fd876dfb59f265d803c
      size: 439
  original:
    hackage: data-sword-0.2.0.3
- completed:
    hackage: daytripper-0.4.0@sha256:e0c26f81ba199aebe6df4c08f09c8316ec2cd32614ba74032a12b758640872cd,3038
    pantry-tree:
      sha256: 71d0f7be3e9273ee3ab474735d49ef1206db5d6fa026591c0f13c77b8cb632d1
      size: 225
  original:
    hackage: daytripper-0.4.0
- completed:
    hackage: prop-unit-0.2.0@sha256:a2cfe8027343565ba577e3ea4c978b18c376e946cb304f39ebeff2c373af4598,2957
    pantry-tree:
      sha256: b0f2b5ded48abfcb3aad0e8d0c9ea39c5117e286a0a163cd14dfb804d80a9eed
      size: 264
  original:
    hackage: prop-unit-0.2.0
- completed:
    hackage: nanotime-0.3.2@sha256:fe49cf850141904340401d1af79a1685009cfd7b615f8cbe3ae45105db535db6,2827
    pantry-tree:
      sha256: 0b9f7fea8c3c172be517f6849186ed545254ba5d011ee0a8ad360455bed79c78
      size: 168
  original:
    hackage: nanotime-0.3.2
snapshots:
- completed:
    sha256: 9444fadfa30b67a93080254d53872478c087592ad64443e47c546cdcd13149ae
    size: 678857
    url: https://raw.githubusercontent.com/commercialhaskell/stackage-snapshots/master/lts/23/0.yaml
  original: lts-23.0
